
Microsoft Visual Studio Solution File, Format Version 12.00
# Visual Studio Version 17
VisualStudioVersion = 17.3.32929.385
MinimumVisualStudioVersion = 10.0.40219.1
Project("{9A19103F-16F7-4668-BE54-9A1E7A4F7556}") = "MachineBuildingFactory", "MachineBuildingFactory\MachineBuildingFactory.csproj", "{90248156-405B-4D19-9C9C-91A0ED7D8A65}"
EndProject
Project("{FAE04EC0-301F-11D3-BF4B-00C04F79EFBC}") = "MachineBuildingFactoryTests", "MachineBuildingFactoryTests\MachineBuildingFactoryTests.csproj", "{CAD29482-39B2-441F-8FD2-1A50ADA3C6AD}"
EndProject
Global
	GlobalSection(SolutionConfigurationPlatforms) = preSolution
		Debug|Any CPU = Debug|Any CPU
		Release|Any CPU = Release|Any CPU
	EndGlobalSection
	GlobalSection(ProjectConfigurationPlatforms) = postSolution
		{90248156-405B-4D19-9C9C-91A0ED7D8A65}.Debug|Any CPU.ActiveCfg = Debug|Any CPU
		{90248156-405B-4D19-9C9C-91A0ED7D8A65}.Debug|Any CPU.Build.0 = Debug|Any CPU
		{90248156-405B-4D19-9C9C-91A0ED7D8A65}.Release|Any CPU.ActiveCfg = Release|Any CPU
		{90248156-405B-4D19-9C9C-91A0ED7D8A65}.Release|Any CPU.Build.0 = Release|Any CPU
		{CAD29482-39B2-441F-8FD2-1A50ADA3C6AD}.Debug|Any CPU.ActiveCfg = Debug|Any CPU
		{CAD29482-39B2-441F-8FD2-1A50ADA3C6AD}.Debug|Any CPU.Build.0 = Debug|Any CPU
		{CAD29482-39B2-441F-8FD2-1A50ADA3C6AD}.Release|Any CPU.ActiveCfg = Release|Any CPU
		{CAD29482-39B2-441F-8FD2-1A50ADA3C6AD}.Release|Any CPU.Build.0 = Release|Any CPU
	EndGlobalSection
	GlobalSection(SolutionProperties) = preSolution
		HideSolutionNode = FALSE
	EndGlobalSection
	GlobalSection(ExtensibilityGlobals) = postSolution
		SolutionGuid = {E84A687B-1856-4A5C-B87C-6F4C44F96008}
	EndGlobalSection
EndGlobal
